
Microsoft Visual Studio Solution File, Format Version 12.00
# Visual Studio Version 17
VisualStudioVersion = 17.4.33213.308
MinimumVisualStudioVersion = 10.0.40219.1
Project("{FAE04EC0-301F-11D3-BF4B-00C04F79EFBC}") = "FunWithBinding", "FunWithBinding\FunWithBinding.csproj", "{7FC57F45-101A-4E53-A62C-D9D097EAED44}"
EndProject
Global
	GlobalSection(SolutionConfigurationPlatforms) = preSolution
		Debug|Any CPU = Debug|Any CPU
		Release|Any CPU = Release|Any CPU
	EndGlobalSection
	GlobalSection(ProjectConfigurationPlatforms) = postSolution
		{7FC57F45-101A-4E53-A62C-D9D097EAED44}.Debug|Any CPU.ActiveCfg = Debug|Any CPU
		{7FC57F45-101A-4E53-A62C-D9D097EAED44}.Debug|Any CPU.Build.0 = Debug|Any CPU
		{7FC57F45-101A-4E53-A62C-D9D097EAED44}.Release|Any CPU.ActiveCfg = Release|Any CPU
		{7FC57F45-101A-4E53-A62C-D9D097EAED44}.Release|Any CPU.Build.0 = Release|Any CPU
	EndGlobalSection
	GlobalSection(SolutionProperties) = preSolution
		HideSolutionNode = FALSE
	EndGlobalSection
	GlobalSection(ExtensibilityGlobals) = postSolution
		SolutionGuid = {E0715277-EE49-47D4-9887-B3026CB41568}
	EndGlobalSection
EndGlobal
