
Microsoft Visual Studio Solution File, Format Version 12.00
# Visual Studio Version 17
VisualStudioVersion = 17.4.33213.308
MinimumVisualStudioVersion = 10.0.40219.1
Project("{FAE04EC0-301F-11D3-BF4B-00C04F79EFBC}") = "BareBonesInXaml", "BareBonesInXaml\BareBonesInXaml.csproj", "{577DFA59-3640-4897-A79F-2C2EDCA35312}"
EndProject
Global
	GlobalSection(SolutionConfigurationPlatforms) = preSolution
		Debug|Any CPU = Debug|Any CPU
		Release|Any CPU = Release|Any CPU
	EndGlobalSection
	GlobalSection(ProjectConfigurationPlatforms) = postSolution
		{577DFA59-3640-4897-A79F-2C2EDCA35312}.Debug|Any CPU.ActiveCfg = Debug|Any CPU
		{577DFA59-3640-4897-A79F-2C2EDCA35312}.Debug|Any CPU.Build.0 = Debug|Any CPU
		{577DFA59-3640-4897-A79F-2C2EDCA35312}.Release|Any CPU.ActiveCfg = Release|Any CPU
		{577DFA59-3640-4897-A79F-2C2EDCA35312}.Release|Any CPU.Build.0 = Release|Any CPU
	EndGlobalSection
	GlobalSection(SolutionProperties) = preSolution
		HideSolutionNode = FALSE
	EndGlobalSection
	GlobalSection(ExtensibilityGlobals) = postSolution
		SolutionGuid = {6E872059-04DD-4140-856A-EB0088DDAE70}
	EndGlobalSection
EndGlobal
