
Microsoft Visual Studio Solution File, Format Version 12.00
# Visual Studio Version 17
VisualStudioVersion = 17.4.33213.308
MinimumVisualStudioVersion = 10.0.40219.1
Project("{FAE04EC0-301F-11D3-BF4B-00C04F79EFBC}") = "BareBonesApp", "BareBonesApp\BareBonesApp.csproj", "{F60700EC-5666-4526-B05A-6E3BABFDB6AB}"
EndProject
Global
	GlobalSection(SolutionConfigurationPlatforms) = preSolution
		Debug|Any CPU = Debug|Any CPU
		Release|Any CPU = Release|Any CPU
	EndGlobalSection
	GlobalSection(ProjectConfigurationPlatforms) = postSolution
		{F60700EC-5666-4526-B05A-6E3BABFDB6AB}.Debug|Any CPU.ActiveCfg = Debug|Any CPU
		{F60700EC-5666-4526-B05A-6E3BABFDB6AB}.Debug|Any CPU.Build.0 = Debug|Any CPU
		{F60700EC-5666-4526-B05A-6E3BABFDB6AB}.Release|Any CPU.ActiveCfg = Release|Any CPU
		{F60700EC-5666-4526-B05A-6E3BABFDB6AB}.Release|Any CPU.Build.0 = Release|Any CPU
	EndGlobalSection
	GlobalSection(SolutionProperties) = preSolution
		HideSolutionNode = FALSE
	EndGlobalSection
	GlobalSection(ExtensibilityGlobals) = postSolution
		SolutionGuid = {48552DF1-7323-484B-8FDA-3BF84C847BD2}
	EndGlobalSection
EndGlobal
