
Microsoft Visual Studio Solution File, Format Version 12.00
# Visual Studio Version 17
VisualStudioVersion = 17.4.33213.308
MinimumVisualStudioVersion = 10.0.40219.1
Project("{FAE04EC0-301F-11D3-BF4B-00C04F79EFBC}") = "FunWithTasks", "FunWithTasks\FunWithTasks.csproj", "{AF6B9695-59D2-4159-A470-F29D8E07228F}"
EndProject
Global
	GlobalSection(SolutionConfigurationPlatforms) = preSolution
		Debug|Any CPU = Debug|Any CPU
		Release|Any CPU = Release|Any CPU
	EndGlobalSection
	GlobalSection(ProjectConfigurationPlatforms) = postSolution
		{AF6B9695-59D2-4159-A470-F29D8E07228F}.Debug|Any CPU.ActiveCfg = Debug|Any CPU
		{AF6B9695-59D2-4159-A470-F29D8E07228F}.Debug|Any CPU.Build.0 = Debug|Any CPU
		{AF6B9695-59D2-4159-A470-F29D8E07228F}.Release|Any CPU.ActiveCfg = Release|Any CPU
		{AF6B9695-59D2-4159-A470-F29D8E07228F}.Release|Any CPU.Build.0 = Release|Any CPU
	EndGlobalSection
	GlobalSection(SolutionProperties) = preSolution
		HideSolutionNode = FALSE
	EndGlobalSection
	GlobalSection(ExtensibilityGlobals) = postSolution
		SolutionGuid = {4B4E26D9-94A5-4E2B-8C21-A01EF1741504}
	EndGlobalSection
EndGlobal
