
Microsoft Visual Studio Solution File, Format Version 12.00
# Visual Studio Version 17
VisualStudioVersion = 17.4.33213.308
MinimumVisualStudioVersion = 10.0.40219.1
Project("{FAE04EC0-301F-11D3-BF4B-00C04F79EFBC}") = "FunWithDProperties", "FunWithDProperties\FunWithDProperties.csproj", "{33B600DA-3E59-4F0C-A019-04FC944299BF}"
EndProject
Global
	GlobalSection(SolutionConfigurationPlatforms) = preSolution
		Debug|Any CPU = Debug|Any CPU
		Release|Any CPU = Release|Any CPU
	EndGlobalSection
	GlobalSection(ProjectConfigurationPlatforms) = postSolution
		{33B600DA-3E59-4F0C-A019-04FC944299BF}.Debug|Any CPU.ActiveCfg = Debug|Any CPU
		{33B600DA-3E59-4F0C-A019-04FC944299BF}.Debug|Any CPU.Build.0 = Debug|Any CPU
		{33B600DA-3E59-4F0C-A019-04FC944299BF}.Release|Any CPU.ActiveCfg = Release|Any CPU
		{33B600DA-3E59-4F0C-A019-04FC944299BF}.Release|Any CPU.Build.0 = Release|Any CPU
	EndGlobalSection
	GlobalSection(SolutionProperties) = preSolution
		HideSolutionNode = FALSE
	EndGlobalSection
	GlobalSection(ExtensibilityGlobals) = postSolution
		SolutionGuid = {3480DFA3-764E-4359-BF15-AF554E7AE17C}
	EndGlobalSection
EndGlobal
